
Microsoft Visual Studio Solution File, Format Version 12.00
# Visual Studio Version 16
VisualStudioVersion = 16.0.32106.194
MinimumVisualStudioVersion = 10.0.40219.1
Project("{9A19103F-16F7-4668-BE54-9A1E7A4F7556}") = "Hello World Razor Page", "Hello World Razor Page.csproj", "{8DEDDA7D-F034-47DC-912A-382152F76176}"
EndProject
Global
	GlobalSection(SolutionConfigurationPlatforms) = preSolution
		Debug|Any CPU = Debug|Any CPU
		Release|Any CPU = Release|Any CPU
	EndGlobalSection
	GlobalSection(ProjectConfigurationPlatforms) = postSolution
		{8DEDDA7D-F034-47DC-912A-382152F76176}.Debug|Any CPU.ActiveCfg = Debug|Any CPU
		{8DEDDA7D-F034-47DC-912A-382152F76176}.Debug|Any CPU.Build.0 = Debug|Any CPU
		{8DEDDA7D-F034-47DC-912A-382152F76176}.Release|Any CPU.ActiveCfg = Release|Any CPU
		{8DEDDA7D-F034-47DC-912A-382152F76176}.Release|Any CPU.Build.0 = Release|Any CPU
	EndGlobalSection
	GlobalSection(SolutionProperties) = preSolution
		HideSolutionNode = FALSE
	EndGlobalSection
	GlobalSection(ExtensibilityGlobals) = postSolution
		SolutionGuid = {179D0BBE-648A-473E-BDC8-F025A32F2367}
	EndGlobalSection
EndGlobal
